// !$*UTF8*$!
{
	archiveVersion = 1;
	classes = {
	};
	objectVersion = 50;
	objects = {

/* Begin PBXBuildFile section */
		04042C102AA39A3D009954DA /* TimePickerView.swift in Sources */ = {isa = PBXBuildFile; fileRef = 04042C0F2AA39A3D009954DA /* TimePickerView.swift */; };
		04042C122AA3CD99009954DA /* StepsDetailsScreen.swift in Sources */ = {isa = PBXBuildFile; fileRef = 04042C112AA3CD99009954DA /* StepsDetailsScreen.swift */; };
		04042C142AA3D8B4009954DA /* HeartDetailsScreen.swift in Sources */ = {isa = PBXBuildFile; fileRef = 04042C132AA3D8B4009954DA /* HeartDetailsScreen.swift */; };
		04042C162AA4BDBD009954DA /* Profile.swift in Sources */ = {isa = PBXBuildFile; fileRef = 04042C152AA4BDBD009954DA /* Profile.swift */; };
		04042C192AA4C956009954DA /* AuthController.swift in Sources */ = {isa = PBXBuildFile; fileRef = 04042C182AA4C956009954DA /* AuthController.swift */; };
		04042C1B2AA4C9F7009954DA /* AuthView.swift in Sources */ = {isa = PBXBuildFile; fileRef = 04042C1A2AA4C9F7009954DA /* AuthView.swift */; };
		04042C232AA4E5BD009954DA /* WidgetKit.framework in Frameworks */ = {isa = PBXBuildFile; fileRef = 04042C222AA4E5BD009954DA /* WidgetKit.framework */; };
		04042C252AA4E5BD009954DA /* SwiftUI.framework in Frameworks */ = {isa = PBXBuildFile; fileRef = 04042C242AA4E5BD009954DA /* SwiftUI.framework */; };
		04042C282AA4E5BE009954DA /* rxmind_widgetBundle.swift in Sources */ = {isa = PBXBuildFile; fileRef = 04042C272AA4E5BE009954DA /* rxmind_widgetBundle.swift */; };
		04042C2A2AA4E5BE009954DA /* rxmind_widgetLiveActivity.swift in Sources */ = {isa = PBXBuildFile; fileRef = 04042C292AA4E5BE009954DA /* rxmind_widgetLiveActivity.swift */; };
		04042C2C2AA4E5BE009954DA /* rxmind_widget.swift in Sources */ = {isa = PBXBuildFile; fileRef = 04042C2B2AA4E5BE009954DA /* rxmind_widget.swift */; };
		04042C2F2AA4E5BF009954DA /* Assets.xcassets in Resources */ = {isa = PBXBuildFile; fileRef = 04042C2E2AA4E5BF009954DA /* Assets.xcassets */; };
		04042C312AA4E5BF009954DA /* rxmind_widget.intentdefinition in Sources */ = {isa = PBXBuildFile; fileRef = 04042C2D2AA4E5BE009954DA /* rxmind_widget.intentdefinition */; };
		04042C322AA4E5BF009954DA /* rxmind_widget.intentdefinition in Sources */ = {isa = PBXBuildFile; fileRef = 04042C2D2AA4E5BE009954DA /* rxmind_widget.intentdefinition */; };
		04042C352AA4E5BF009954DA /* rxmind_widgetExtension.appex in Embed Foundation Extensions */ = {isa = PBXBuildFile; fileRef = 04042C202AA4E5BD009954DA /* rxmind_widgetExtension.appex */; settings = {ATTRIBUTES = (RemoveHeadersOnCopy, ); }; };
		04042C442AA50948009954DA /* rxmind-watchios Watch App.app in Embed Watch Content */ = {isa = PBXBuildFile; fileRef = 04042C432AA50948009954DA /* rxmind-watchios Watch App.app */; settings = {ATTRIBUTES = (RemoveHeadersOnCopy, ); }; };
		04042C492AA50948009954DA /* rxmind_watchiosApp.swift in Sources */ = {isa = PBXBuildFile; fileRef = 04042C482AA50948009954DA /* rxmind_watchiosApp.swift */; };
		04042C4B2AA50948009954DA /* ContentView.swift in Sources */ = {isa = PBXBuildFile; fileRef = 04042C4A2AA50948009954DA /* ContentView.swift */; };
		04042C4D2AA5094A009954DA /* Assets.xcassets in Resources */ = {isa = PBXBuildFile; fileRef = 04042C4C2AA5094A009954DA /* Assets.xcassets */; };
		04042C502AA5094A009954DA /* Preview Assets.xcassets in Resources */ = {isa = PBXBuildFile; fileRef = 04042C4F2AA5094A009954DA /* Preview Assets.xcassets */; };
		04F6DE9D2A80474100AAA958 /* OnboardingScreensView.swift in Sources */ = {isa = PBXBuildFile; fileRef = 04F6DE9C2A80474100AAA958 /* OnboardingScreensView.swift */; };
		04F6DEA22A80482200AAA958 /* OnboardModel.swift in Sources */ = {isa = PBXBuildFile; fileRef = 04F6DEA12A80482200AAA958 /* OnboardModel.swift */; };
		04F6DEA42A8049F200AAA958 /* ContentView.swift in Sources */ = {isa = PBXBuildFile; fileRef = 04F6DEA32A8049F200AAA958 /* ContentView.swift */; };
		04F6DEAA2A842A7D00AAA958 /* HealthKitManager.swift in Sources */ = {isa = PBXBuildFile; fileRef = 04F6DEA92A842A7D00AAA958 /* HealthKitManager.swift */; };
		04F6DEAC2A842A8A00AAA958 /* HealthViewScreen.swift in Sources */ = {isa = PBXBuildFile; fileRef = 04F6DEAB2A842A8A00AAA958 /* HealthViewScreen.swift */; };
		04F6DEAE2A8439F400AAA958 /* Activity.swift in Sources */ = {isa = PBXBuildFile; fileRef = 04F6DEAD2A8439F400AAA958 /* Activity.swift */; };
		0B86B995D29C316CC8631C2C /* AveriaSerifLibreRegular.ttf in Resources */ = {isa = PBXBuildFile; fileRef = A44AA0CD26B81512577F5700 /* AveriaSerifLibreRegular.ttf */; };
		16A9C035A858B568623306C6 /* SignUpView.swift in Sources */ = {isa = PBXBuildFile; fileRef = 071A9FE7E75FB5CC6CCF3657 /* SignUpView.swift */; };
		16CDAD474994870FC8FE3E46 /* SplashView.swift in Sources */ = {isa = PBXBuildFile; fileRef = AEC89385161861611949631C /* SplashView.swift */; };
		2D536BF0ECAA2F4F006AB935 /* BarlowRegular.ttf in Resources */ = {isa = PBXBuildFile; fileRef = F079CFB887A59FEEBDD33E17 /* BarlowRegular.ttf */; };
		3471D1AC97954CBED1F851BC /* OnboardThreeView.swift in Sources */ = {isa = PBXBuildFile; fileRef = 6464B6B2FB889F9A046575A0 /* OnboardThreeView.swift */; };
		43D9E33F1ED373EF7BA0ABCC /* StringScheme.swift in Sources */ = {isa = PBXBuildFile; fileRef = 96E648F0FDE1ED394F0F3D7D /* StringScheme.swift */; };
		44C2F9DE96476B00269FF1F1 /* DashView.swift in Sources */ = {isa = PBXBuildFile; fileRef = 25ED45CCD59B6290F5C40B55 /* DashView.swift */; };
		576DBA1F3B4E161641314940 /* OnboardOneView.swift in Sources */ = {isa = PBXBuildFile; fileRef = 587E2C44EC53E4C6C135784B /* OnboardOneView.swift */; };
		7F44DBA127422A5D00171570 /* ActivityLoader.swift in Sources */ = {isa = PBXBuildFile; fileRef = 7F44DBA027422A5D00171570 /* ActivityLoader.swift */; };
		884F3E5127B0E65A00963FC4 /* RoundedCornersView.swift in Sources */ = {isa = PBXBuildFile; fileRef = 884F3E5027B0E65A00963FC4 /* RoundedCornersView.swift */; };
		8853052627718DC500B04E6F /* ViewExtension.swift in Sources */ = {isa = PBXBuildFile; fileRef = 8853052527718DC500B04E6F /* ViewExtension.swift */; };
		8853052A27718E2D00B04E6F /* EncodableExtension.swift in Sources */ = {isa = PBXBuildFile; fileRef = 8853052927718E2D00B04E6F /* EncodableExtension.swift */; };
		8853052C2771949600B04E6F /* UINavigationController.swift in Sources */ = {isa = PBXBuildFile; fileRef = 8853052B2771949600B04E6F /* UINavigationController.swift */; };
		88680D1C2775C601002E964F /* ViewportHelper.swift in Sources */ = {isa = PBXBuildFile; fileRef = 88680D1B2775C601002E964F /* ViewportHelper.swift */; };
		888CB47527686A000041116C /* APIExtensions.swift in Sources */ = {isa = PBXBuildFile; fileRef = 888CB47427686A000041116C /* APIExtensions.swift */; };
		88ED74EC272FFE6F0088E3EF /* Assets.xcassets in Resources */ = {isa = PBXBuildFile; fileRef = 88ED74EB272FFE6F0088E3EF /* Assets.xcassets */; };
		88ED74EF272FFE6F0088E3EF /* Preview Assets.xcassets in Resources */ = {isa = PBXBuildFile; fileRef = 88ED74EE272FFE6F0088E3EF /* Preview Assets.xcassets */; };
		88ED7500272FFECA0088E3EF /* Utilities.swift in Sources */ = {isa = PBXBuildFile; fileRef = 88ED74F7272FFECA0088E3EF /* Utilities.swift */; };
		88ED7501272FFECA0088E3EF /* AppConstants.swift in Sources */ = {isa = PBXBuildFile; fileRef = 88ED74F9272FFECA0088E3EF /* AppConstants.swift */; };
		88ED7504272FFECA0088E3EF /* RemindApp.swift in Sources */ = {isa = PBXBuildFile; fileRef = 88ED74FF272FFECA0088E3EF /* RemindApp.swift */; };
		B780C2CC62E127FD20C8ED07 /* OnboardTwoView.swift in Sources */ = {isa = PBXBuildFile; fileRef = 71A66E4203C46BBCCDD52576 /* OnboardTwoView.swift */; };
		C40AB9F82754D79E006BC5D7 /* AppDelegate.swift in Sources */ = {isa = PBXBuildFile; fileRef = C40AB9F72754D79E006BC5D7 /* AppDelegate.swift */; };
		D3B5BD8A57DADE32AFD3A2C2 /* BarlowThin.ttf in Resources */ = {isa = PBXBuildFile; fileRef = 277EFF097C406053938E2814 /* BarlowThin.ttf */; };
		E41AA2DF71DBF6A1DBCB6226 /* LoginView.swift in Sources */ = {isa = PBXBuildFile; fileRef = 70246E988A960623C3CCE3EA /* LoginView.swift */; };
		E437F8C8D61AA6BAF4F62C4F /* ColorConstants.swift in Sources */ = {isa = PBXBuildFile; fileRef = DDC4BEFE917EEA0E075B5A01 /* ColorConstants.swift */; };
		F6EC352EE584B94B9CD70907 /* FontScheme.swift in Sources */ = {isa = PBXBuildFile; fileRef = 36B87573995B8CEF83DA86D5 /* FontScheme.swift */; };
		FBB92C3BCE8028FC64ADD589 /* AveriaSerifLibreBold.ttf in Resources */ = {isa = PBXBuildFile; fileRef = F78712EC0376D5A77B3FF6E8 /* AveriaSerifLibreBold.ttf */; };
		FDEA460926CE2AF9BAA405E2 /* BarlowLight.ttf in Resources */ = {isa = PBXBuildFile; fileRef = 2128BCBBB5A3AAD6F9663447 /* BarlowLight.ttf */; };
/* End PBXBuildFile section */

/* Begin PBXContainerItemProxy section */
		04042C332AA4E5BF009954DA /* PBXContainerItemProxy */ = {
			isa = PBXContainerItemProxy;
			containerPortal = 88ED74DC272FFE6E0088E3EF /* Project object */;
			proxyType = 1;
			remoteGlobalIDString = 04042C1F2AA4E5BD009954DA;
			remoteInfo = rxmind_widgetExtension;
		};
		04042C452AA50948009954DA /* PBXContainerItemProxy */ = {
			isa = PBXContainerItemProxy;
			containerPortal = 88ED74DC272FFE6E0088E3EF /* Project object */;
			proxyType = 1;
			remoteGlobalIDString = 04042C422AA50948009954DA;
			remoteInfo = "rxmind-watchios Watch App";
		};
/* End PBXContainerItemProxy section */

/* Begin PBXCopyFilesBuildPhase section */
		04042C392AA4E5BF009954DA /* Embed Foundation Extensions */ = {
			isa = PBXCopyFilesBuildPhase;
			buildActionMask = 2147483647;
			dstPath = "";
			dstSubfolderSpec = 13;
			files = (
				04042C352AA4E5BF009954DA /* rxmind_widgetExtension.appex in Embed Foundation Extensions */,
			);
			name = "Embed Foundation Extensions";
			runOnlyForDeploymentPostprocessing = 0;
		};
		04042C542AA5094A009954DA /* Embed Watch Content */ = {
			isa = PBXCopyFilesBuildPhase;
			buildActionMask = 2147483647;
			dstPath = "$(CONTENTS_FOLDER_PATH)/Watch";
			dstSubfolderSpec = 16;
			files = (
				04042C442AA50948009954DA /* rxmind-watchios Watch App.app in Embed Watch Content */,
			);
			name = "Embed Watch Content";
			runOnlyForDeploymentPostprocessing = 0;
		};
/* End PBXCopyFilesBuildPhase section */

/* Begin PBXFileReference section */
		04042C0F2AA39A3D009954DA /* TimePickerView.swift */ = {isa = PBXFileReference; lastKnownFileType = sourcecode.swift; path = TimePickerView.swift; sourceTree = "<group>"; };
		04042C112AA3CD99009954DA /* StepsDetailsScreen.swift */ = {isa = PBXFileReference; lastKnownFileType = sourcecode.swift; path = StepsDetailsScreen.swift; sourceTree = "<group>"; };
		04042C132AA3D8B4009954DA /* HeartDetailsScreen.swift */ = {isa = PBXFileReference; lastKnownFileType = sourcecode.swift; path = HeartDetailsScreen.swift; sourceTree = "<group>"; };
		04042C152AA4BDBD009954DA /* Profile.swift */ = {isa = PBXFileReference; lastKnownFileType = sourcecode.swift; path = Profile.swift; sourceTree = "<group>"; };
		04042C182AA4C956009954DA /* AuthController.swift */ = {isa = PBXFileReference; lastKnownFileType = sourcecode.swift; path = AuthController.swift; sourceTree = "<group>"; };
		04042C1A2AA4C9F7009954DA /* AuthView.swift */ = {isa = PBXFileReference; lastKnownFileType = sourcecode.swift; path = AuthView.swift; sourceTree = "<group>"; };
		04042C202AA4E5BD009954DA /* rxmind_widgetExtension.appex */ = {isa = PBXFileReference; explicitFileType = "wrapper.app-extension"; includeInIndex = 0; path = rxmind_widgetExtension.appex; sourceTree = BUILT_PRODUCTS_DIR; };
		04042C222AA4E5BD009954DA /* WidgetKit.framework */ = {isa = PBXFileReference; lastKnownFileType = wrapper.framework; name = WidgetKit.framework; path = System/Library/Frameworks/WidgetKit.framework; sourceTree = SDKROOT; };
		04042C242AA4E5BD009954DA /* SwiftUI.framework */ = {isa = PBXFileReference; lastKnownFileType = wrapper.framework; name = SwiftUI.framework; path = System/Library/Frameworks/SwiftUI.framework; sourceTree = SDKROOT; };
		04042C272AA4E5BE009954DA /* rxmind_widgetBundle.swift */ = {isa = PBXFileReference; lastKnownFileType = sourcecode.swift; path = rxmind_widgetBundle.swift; sourceTree = "<group>"; };
		04042C292AA4E5BE009954DA /* rxmind_widgetLiveActivity.swift */ = {isa = PBXFileReference; lastKnownFileType = sourcecode.swift; path = rxmind_widgetLiveActivity.swift; sourceTree = "<group>"; };
		04042C2B2AA4E5BE009954DA /* rxmind_widget.swift */ = {isa = PBXFileReference; lastKnownFileType = sourcecode.swift; path = rxmind_widget.swift; sourceTree = "<group>"; };
		04042C2D2AA4E5BE009954DA /* rxmind_widget.intentdefinition */ = {isa = PBXFileReference; lastKnownFileType = file.intentdefinition; path = rxmind_widget.intentdefinition; sourceTree = "<group>"; };
		04042C2E2AA4E5BF009954DA /* Assets.xcassets */ = {isa = PBXFileReference; lastKnownFileType = folder.assetcatalog; path = Assets.xcassets; sourceTree = "<group>"; };
		04042C302AA4E5BF009954DA /* Info.plist */ = {isa = PBXFileReference; lastKnownFileType = text.plist.xml; path = Info.plist; sourceTree = "<group>"; };
		04042C3E2AA50945009954DA /* rxmind-watchios.app */ = {isa = PBXFileReference; explicitFileType = wrapper.application; includeInIndex = 0; path = "rxmind-watchios.app"; sourceTree = BUILT_PRODUCTS_DIR; };
		04042C432AA50948009954DA /* rxmind-watchios Watch App.app */ = {isa = PBXFileReference; explicitFileType = wrapper.application; includeInIndex = 0; path = "rxmind-watchios Watch App.app"; sourceTree = BUILT_PRODUCTS_DIR; };
		04042C482AA50948009954DA /* rxmind_watchiosApp.swift */ = {isa = PBXFileReference; lastKnownFileType = sourcecode.swift; path = rxmind_watchiosApp.swift; sourceTree = "<group>"; };
		04042C4A2AA50948009954DA /* ContentView.swift */ = {isa = PBXFileReference; lastKnownFileType = sourcecode.swift; path = ContentView.swift; sourceTree = "<group>"; };
		04042C4C2AA5094A009954DA /* Assets.xcassets */ = {isa = PBXFileReference; lastKnownFileType = folder.assetcatalog; path = Assets.xcassets; sourceTree = "<group>"; };
		04042C4F2AA5094A009954DA /* Preview Assets.xcassets */ = {isa = PBXFileReference; lastKnownFileType = folder.assetcatalog; path = "Preview Assets.xcassets"; sourceTree = "<group>"; };
		04F6DE9C2A80474100AAA958 /* OnboardingScreensView.swift */ = {isa = PBXFileReference; lastKnownFileType = sourcecode.swift; path = OnboardingScreensView.swift; sourceTree = "<group>"; };
		04F6DEA12A80482200AAA958 /* OnboardModel.swift */ = {isa = PBXFileReference; lastKnownFileType = sourcecode.swift; path = OnboardModel.swift; sourceTree = "<group>"; };
		04F6DEA32A8049F200AAA958 /* ContentView.swift */ = {isa = PBXFileReference; lastKnownFileType = sourcecode.swift; path = ContentView.swift; sourceTree = "<group>"; usesTabs = 0; };
		04F6DEA52A841F8700AAA958 /* Remind.entitlements */ = {isa = PBXFileReference; lastKnownFileType = text.plist.entitlements; path = Remind.entitlements; sourceTree = "<group>"; };
		04F6DEA92A842A7D00AAA958 /* HealthKitManager.swift */ = {isa = PBXFileReference; lastKnownFileType = sourcecode.swift; path = HealthKitManager.swift; sourceTree = "<group>"; };
		04F6DEAB2A842A8A00AAA958 /* HealthViewScreen.swift */ = {isa = PBXFileReference; lastKnownFileType = sourcecode.swift; path = HealthViewScreen.swift; sourceTree = "<group>"; };
		04F6DEAD2A8439F400AAA958 /* Activity.swift */ = {isa = PBXFileReference; lastKnownFileType = sourcecode.swift; path = Activity.swift; sourceTree = "<group>"; };
		071A9FE7E75FB5CC6CCF3657 /* SignUpView.swift */ = {isa = PBXFileReference; includeInIndex = 1; lastKnownFileType = sourcecode.swift; path = SignUpView.swift; sourceTree = "<group>"; };
		2128BCBBB5A3AAD6F9663447 /* BarlowLight.ttf */ = {isa = PBXFileReference; includeInIndex = 1; lastKnownFileType = file; path = BarlowLight.ttf; sourceTree = "<group>"; };
		25ED45CCD59B6290F5C40B55 /* DashView.swift */ = {isa = PBXFileReference; includeInIndex = 1; lastKnownFileType = sourcecode.swift; path = DashView.swift; sourceTree = "<group>"; };
		277EFF097C406053938E2814 /* BarlowThin.ttf */ = {isa = PBXFileReference; includeInIndex = 1; lastKnownFileType = file; path = BarlowThin.ttf; sourceTree = "<group>"; };
		36B87573995B8CEF83DA86D5 /* FontScheme.swift */ = {isa = PBXFileReference; includeInIndex = 1; lastKnownFileType = sourcecode.swift; path = FontScheme.swift; sourceTree = "<group>"; };
		587E2C44EC53E4C6C135784B /* OnboardOneView.swift */ = {isa = PBXFileReference; includeInIndex = 1; lastKnownFileType = sourcecode.swift; path = OnboardOneView.swift; sourceTree = "<group>"; };
		6464B6B2FB889F9A046575A0 /* OnboardThreeView.swift */ = {isa = PBXFileReference; includeInIndex = 1; lastKnownFileType = sourcecode.swift; path = OnboardThreeView.swift; sourceTree = "<group>"; };
		70246E988A960623C3CCE3EA /* LoginView.swift */ = {isa = PBXFileReference; includeInIndex = 1; lastKnownFileType = sourcecode.swift; path = LoginView.swift; sourceTree = "<group>"; };
		71A66E4203C46BBCCDD52576 /* OnboardTwoView.swift */ = {isa = PBXFileReference; includeInIndex = 1; lastKnownFileType = sourcecode.swift; path = OnboardTwoView.swift; sourceTree = "<group>"; };
		7F44DBA027422A5D00171570 /* ActivityLoader.swift */ = {isa = PBXFileReference; lastKnownFileType = sourcecode.swift; path = ActivityLoader.swift; sourceTree = "<group>"; };
		884F3E5027B0E65A00963FC4 /* RoundedCornersView.swift */ = {isa = PBXFileReference; lastKnownFileType = sourcecode.swift; path = RoundedCornersView.swift; sourceTree = "<group>"; };
		8853052527718DC500B04E6F /* ViewExtension.swift */ = {isa = PBXFileReference; lastKnownFileType = sourcecode.swift; path = ViewExtension.swift; sourceTree = "<group>"; };
		8853052927718E2D00B04E6F /* EncodableExtension.swift */ = {isa = PBXFileReference; lastKnownFileType = sourcecode.swift; path = EncodableExtension.swift; sourceTree = "<group>"; };
		8853052B2771949600B04E6F /* UINavigationController.swift */ = {isa = PBXFileReference; fileEncoding = 4; lastKnownFileType = sourcecode.swift; path = UINavigationController.swift; sourceTree = "<group>"; };
		88680D1B2775C601002E964F /* ViewportHelper.swift */ = {isa = PBXFileReference; lastKnownFileType = sourcecode.swift; path = ViewportHelper.swift; sourceTree = "<group>"; };
		888CB47427686A000041116C /* APIExtensions.swift */ = {isa = PBXFileReference; lastKnownFileType = sourcecode.swift; path = APIExtensions.swift; sourceTree = "<group>"; };
		88ED74E4272FFE6E0088E3EF /* rxmind.app */ = {isa = PBXFileReference; explicitFileType = wrapper.application; includeInIndex = 0; path = rxmind.app; sourceTree = BUILT_PRODUCTS_DIR; };
		88ED74EB272FFE6F0088E3EF /* Assets.xcassets */ = {isa = PBXFileReference; lastKnownFileType = folder.assetcatalog; path = Assets.xcassets; sourceTree = "<group>"; };
		88ED74EE272FFE6F0088E3EF /* Preview Assets.xcassets */ = {isa = PBXFileReference; lastKnownFileType = folder.assetcatalog; path = "Preview Assets.xcassets"; sourceTree = "<group>"; };
		88ED74F0272FFE6F0088E3EF /* Info.plist */ = {isa = PBXFileReference; lastKnownFileType = text.plist.xml; path = Info.plist; sourceTree = "<group>"; };
		88ED74F7272FFECA0088E3EF /* Utilities.swift */ = {isa = PBXFileReference; fileEncoding = 4; lastKnownFileType = sourcecode.swift; path = Utilities.swift; sourceTree = "<group>"; };
		88ED74F9272FFECA0088E3EF /* AppConstants.swift */ = {isa = PBXFileReference; fileEncoding = 4; lastKnownFileType = sourcecode.swift; path = AppConstants.swift; sourceTree = "<group>"; };
		88ED74FF272FFECA0088E3EF /* RemindApp.swift */ = {isa = PBXFileReference; fileEncoding = 4; lastKnownFileType = sourcecode.swift; path = RemindApp.swift; sourceTree = "<group>"; };
		96E648F0FDE1ED394F0F3D7D /* StringScheme.swift */ = {isa = PBXFileReference; includeInIndex = 1; lastKnownFileType = sourcecode.swift; path = StringScheme.swift; sourceTree = "<group>"; };
		A44AA0CD26B81512577F5700 /* AveriaSerifLibreRegular.ttf */ = {isa = PBXFileReference; includeInIndex = 1; lastKnownFileType = file; path = AveriaSerifLibreRegular.ttf; sourceTree = "<group>"; };
		AEC89385161861611949631C /* SplashView.swift */ = {isa = PBXFileReference; includeInIndex = 1; lastKnownFileType = sourcecode.swift; path = SplashView.swift; sourceTree = "<group>"; };
		C40AB9F72754D79E006BC5D7 /* AppDelegate.swift */ = {isa = PBXFileReference; fileEncoding = 4; lastKnownFileType = sourcecode.swift; path = AppDelegate.swift; sourceTree = "<group>"; };
		DDC4BEFE917EEA0E075B5A01 /* ColorConstants.swift */ = {isa = PBXFileReference; includeInIndex = 1; lastKnownFileType = sourcecode.swift; path = ColorConstants.swift; sourceTree = "<group>"; };
		F079CFB887A59FEEBDD33E17 /* BarlowRegular.ttf */ = {isa = PBXFileReference; includeInIndex = 1; lastKnownFileType = file; path = BarlowRegular.ttf; sourceTree = "<group>"; };
		F78712EC0376D5A77B3FF6E8 /* AveriaSerifLibreBold.ttf */ = {isa = PBXFileReference; includeInIndex = 1; lastKnownFileType = file; path = AveriaSerifLibreBold.ttf; sourceTree = "<group>"; };
/* End PBXFileReference section */

/* Begin PBXFrameworksBuildPhase section */
		04042C1D2AA4E5BD009954DA /* Frameworks */ = {
			isa = PBXFrameworksBuildPhase;
			buildActionMask = 2147483647;
			files = (
				04042C252AA4E5BD009954DA /* SwiftUI.framework in Frameworks */,
				04042C232AA4E5BD009954DA /* WidgetKit.framework in Frameworks */,
			);
			runOnlyForDeploymentPostprocessing = 0;
		};
		04042C402AA50948009954DA /* Frameworks */ = {
			isa = PBXFrameworksBuildPhase;
			buildActionMask = 2147483647;
			files = (
			);
			runOnlyForDeploymentPostprocessing = 0;
		};
		88ED74E1272FFE6E0088E3EF /* Frameworks */ = {
			isa = PBXFrameworksBuildPhase;
			buildActionMask = 2147483647;
			files = (
			);
			runOnlyForDeploymentPostprocessing = 0;
		};
/* End PBXFrameworksBuildPhase section */

/* Begin PBXGroup section */
		04042C172AA4C92E009954DA /* Auth */ = {
			isa = PBXGroup;
			children = (
				04042C182AA4C956009954DA /* AuthController.swift */,
				04042C1A2AA4C9F7009954DA /* AuthView.swift */,
			);
			path = Auth;
			sourceTree = "<group>";
		};
		04042C212AA4E5BD009954DA /* Frameworks */ = {
			isa = PBXGroup;
			children = (
				04042C222AA4E5BD009954DA /* WidgetKit.framework */,
				04042C242AA4E5BD009954DA /* SwiftUI.framework */,
			);
			name = Frameworks;
			sourceTree = "<group>";
		};
		04042C262AA4E5BE009954DA /* rxmind_widget */ = {
			isa = PBXGroup;
			children = (
				04042C272AA4E5BE009954DA /* rxmind_widgetBundle.swift */,
				04042C292AA4E5BE009954DA /* rxmind_widgetLiveActivity.swift */,
				04042C2B2AA4E5BE009954DA /* rxmind_widget.swift */,
				04042C2D2AA4E5BE009954DA /* rxmind_widget.intentdefinition */,
				04042C2E2AA4E5BF009954DA /* Assets.xcassets */,
				04042C302AA4E5BF009954DA /* Info.plist */,
			);
			path = rxmind_widget;
			sourceTree = "<group>";
		};
		04042C472AA50948009954DA /* rxmind-watchios Watch App */ = {
			isa = PBXGroup;
			children = (
				04042C482AA50948009954DA /* rxmind_watchiosApp.swift */,
				04042C4A2AA50948009954DA /* ContentView.swift */,
				04042C4C2AA5094A009954DA /* Assets.xcassets */,
				04042C4E2AA5094A009954DA /* Preview Content */,
			);
			path = "rxmind-watchios Watch App";
			sourceTree = "<group>";
		};
		04042C4E2AA5094A009954DA /* Preview Content */ = {
			isa = PBXGroup;
			children = (
				04042C4F2AA5094A009954DA /* Preview Assets.xcassets */,
			);
			path = "Preview Content";
			sourceTree = "<group>";
		};
		04F6DE9B2A8046FF00AAA958 /* OnboardingViews */ = {
			isa = PBXGroup;
			children = (
				04F6DE9C2A80474100AAA958 /* OnboardingScreensView.swift */,
				04F6DEA12A80482200AAA958 /* OnboardModel.swift */,
			);
			path = OnboardingViews;
			sourceTree = "<group>";
		};
		04F6DEA82A842A6B00AAA958 /* Health */ = {
			isa = PBXGroup;
			children = (
				04F6DEA92A842A7D00AAA958 /* HealthKitManager.swift */,
				04F6DEAB2A842A8A00AAA958 /* HealthViewScreen.swift */,
				04F6DEAD2A8439F400AAA958 /* Activity.swift */,
			);
			path = Health;
			sourceTree = "<group>";
		};
		28B811C826C4471E0CAE2F76 /* DashView */ = {
			isa = PBXGroup;
			children = (
				25ED45CCD59B6290F5C40B55 /* DashView.swift */,
			);
			path = DashView;
			sourceTree = "<group>";
		};
		392A8094504E337948D361E1 /* OnboardTwoView */ = {
			isa = PBXGroup;
			children = (
				71A66E4203C46BBCCDD52576 /* OnboardTwoView.swift */,
			);
			path = OnboardTwoView;
			sourceTree = "<group>";
		};
		3B86F3A3D4B6D5882812BBA7 /* ViewModel */ = {
			isa = PBXGroup;
			children = (
			);
			path = ViewModel;
			sourceTree = "<group>";
		};
		4AFABAB0481B0819CFDBB8E4 /* Views */ = {
			isa = PBXGroup;
			children = (
				A6BEF89F51EF74F1EC8FE875 /* SplashView */,
				C4FE89D63AC601114CD9CB8E /* OnboardOneView */,
				392A8094504E337948D361E1 /* OnboardTwoView */,
				F42E5E456D2D98D2851676DA /* OnboardThreeView */,
				E56D8249405473A456471B91 /* LoginView */,
				9DBAC268E8B4B2A76C114130 /* SignUpView */,
				28B811C826C4471E0CAE2F76 /* DashView */,
				04F6DEA32A8049F200AAA958 /* ContentView.swift */,
				04042C0F2AA39A3D009954DA /* TimePickerView.swift */,
				04042C112AA3CD99009954DA /* StepsDetailsScreen.swift */,
				04042C132AA3D8B4009954DA /* HeartDetailsScreen.swift */,
				04042C152AA4BDBD009954DA /* Profile.swift */,
			);
			path = Views;
			sourceTree = "<group>";
		};
		5E787C0C22C83529EB43B363 /* Fonts */ = {
			isa = PBXGroup;
			children = (
				2128BCBBB5A3AAD6F9663447 /* BarlowLight.ttf */,
				A44AA0CD26B81512577F5700 /* AveriaSerifLibreRegular.ttf */,
				277EFF097C406053938E2814 /* BarlowThin.ttf */,
				F78712EC0376D5A77B3FF6E8 /* AveriaSerifLibreBold.ttf */,
				F079CFB887A59FEEBDD33E17 /* BarlowRegular.ttf */,
			);
			path = Fonts;
			sourceTree = "<group>";
		};
		7F44DB9E27422A4200171570 /* Helper */ = {
			isa = PBXGroup;
			children = (
				88680D1A2775C5BD002E964F /* Viewport */,
				7F44DB9F27422A4200171570 /* ActivityLoader */,
			);
			path = Helper;
			sourceTree = "<group>";
		};
		7F44DB9F27422A4200171570 /* ActivityLoader */ = {
			isa = PBXGroup;
			children = (
				7F44DBA027422A5D00171570 /* ActivityLoader.swift */,
			);
			path = ActivityLoader;
			sourceTree = "<group>";
		};
		88680D1A2775C5BD002E964F /* Viewport */ = {
			isa = PBXGroup;
			children = (
				88680D1B2775C601002E964F /* ViewportHelper.swift */,
			);
			path = Viewport;
			sourceTree = "<group>";
		};
		88ED74DB272FFE6E0088E3EF = {
			isa = PBXGroup;
			children = (
				88ED74E6272FFE6E0088E3EF /* rxmind */,
				04042C262AA4E5BE009954DA /* rxmind_widget */,
				04042C472AA50948009954DA /* rxmind-watchios Watch App */,
				04042C212AA4E5BD009954DA /* Frameworks */,
				88ED74E5272FFE6E0088E3EF /* Products */,
			);
			sourceTree = "<group>";
		};
		88ED74E5272FFE6E0088E3EF /* Products */ = {
			isa = PBXGroup;
			children = (
				88ED74E4272FFE6E0088E3EF /* rxmind.app */,
				04042C202AA4E5BD009954DA /* rxmind_widgetExtension.appex */,
				04042C3E2AA50945009954DA /* rxmind-watchios.app */,
				04042C432AA50948009954DA /* rxmind-watchios Watch App.app */,
			);
			name = Products;
			sourceTree = "<group>";
		};
		88ED74E6272FFE6E0088E3EF /* rxmind */ = {
			isa = PBXGroup;
			children = (
				04042C172AA4C92E009954DA /* Auth */,
				04F6DEA82A842A6B00AAA958 /* Health */,
				04F6DEA52A841F8700AAA958 /* Remind.entitlements */,
				04F6DE9B2A8046FF00AAA958 /* OnboardingViews */,
				88ED74FC272FFECA0088E3EF /* Services */,
				88ED74FE272FFECA0088E3EF /* Application */,
				88ED74F8272FFECA0088E3EF /* Constants */,
				88ED74FA272FFECA0088E3EF /* Extensions */,
				88ED74F6272FFECA0088E3EF /* Utilities */,
				7F44DB9E27422A4200171570 /* Helper */,
				88ED74EB272FFE6F0088E3EF /* Assets.xcassets */,
				88ED74F0272FFE6F0088E3EF /* Info.plist */,
				88ED74ED272FFE6F0088E3EF /* Preview Content */,
				A1FF999994074C60EBC11D99 /* Resources */,
				4AFABAB0481B0819CFDBB8E4 /* Views */,
				3B86F3A3D4B6D5882812BBA7 /* ViewModel */,
			);
			path = rxmind;
			sourceTree = "<group>";
		};
		88ED74ED272FFE6F0088E3EF /* Preview Content */ = {
			isa = PBXGroup;
			children = (
				88ED74EE272FFE6F0088E3EF /* Preview Assets.xcassets */,
			);
			path = "Preview Content";
			sourceTree = "<group>";
		};
		88ED74F6272FFECA0088E3EF /* Utilities */ = {
			isa = PBXGroup;
			children = (
				88ED74F7272FFECA0088E3EF /* Utilities.swift */,
			);
			path = Utilities;
			sourceTree = "<group>";
		};
		88ED74F8272FFECA0088E3EF /* Constants */ = {
			isa = PBXGroup;
			children = (
				88ED74F9272FFECA0088E3EF /* AppConstants.swift */,
				96E648F0FDE1ED394F0F3D7D /* StringScheme.swift */,
				DDC4BEFE917EEA0E075B5A01 /* ColorConstants.swift */,
				36B87573995B8CEF83DA86D5 /* FontScheme.swift */,
			);
			path = Constants;
			sourceTree = "<group>";
		};
		88ED74FA272FFECA0088E3EF /* Extensions */ = {
			isa = PBXGroup;
			children = (
				888CB47427686A000041116C /* APIExtensions.swift */,
				8853052527718DC500B04E6F /* ViewExtension.swift */,
				8853052B2771949600B04E6F /* UINavigationController.swift */,
				8853052927718E2D00B04E6F /* EncodableExtension.swift */,
				884F3E5027B0E65A00963FC4 /* RoundedCornersView.swift */,
			);
			path = Extensions;
			sourceTree = "<group>";
		};
		88ED74FC272FFECA0088E3EF /* Services */ = {
			isa = PBXGroup;
			children = (
			);
			path = Services;
			sourceTree = "<group>";
		};
		88ED74FE272FFECA0088E3EF /* Application */ = {
			isa = PBXGroup;
			children = (
				C40AB9F72754D79E006BC5D7 /* AppDelegate.swift */,
				88ED74FF272FFECA0088E3EF /* RemindApp.swift */,
			);
			path = Application;
			sourceTree = "<group>";
		};
		9DBAC268E8B4B2A76C114130 /* SignUpView */ = {
			isa = PBXGroup;
			children = (
				071A9FE7E75FB5CC6CCF3657 /* SignUpView.swift */,
			);
			path = SignUpView;
			sourceTree = "<group>";
		};
		A1FF999994074C60EBC11D99 /* Resources */ = {
			isa = PBXGroup;
			children = (
				5E787C0C22C83529EB43B363 /* Fonts */,
			);
			path = Resources;
			sourceTree = "<group>";
		};
		A6BEF89F51EF74F1EC8FE875 /* SplashView */ = {
			isa = PBXGroup;
			children = (
				AEC89385161861611949631C /* SplashView.swift */,
			);
			path = SplashView;
			sourceTree = "<group>";
		};
		C4FE89D63AC601114CD9CB8E /* OnboardOneView */ = {
			isa = PBXGroup;
			children = (
				587E2C44EC53E4C6C135784B /* OnboardOneView.swift */,
			);
			path = OnboardOneView;
			sourceTree = "<group>";
		};
		E56D8249405473A456471B91 /* LoginView */ = {
			isa = PBXGroup;
			children = (
				70246E988A960623C3CCE3EA /* LoginView.swift */,
			);
			path = LoginView;
			sourceTree = "<group>";
		};
		F42E5E456D2D98D2851676DA /* OnboardThreeView */ = {
			isa = PBXGroup;
			children = (
				6464B6B2FB889F9A046575A0 /* OnboardThreeView.swift */,
			);
			path = OnboardThreeView;
			sourceTree = "<group>";
		};
/* End PBXGroup section */

/* Begin PBXNativeTarget section */
		04042C1F2AA4E5BD009954DA /* rxmind_widgetExtension */ = {
			isa = PBXNativeTarget;
			buildConfigurationList = 04042C362AA4E5BF009954DA /* Build configuration list for PBXNativeTarget "rxmind_widgetExtension" */;
			buildPhases = (
				04042C1C2AA4E5BD009954DA /* Sources */,
				04042C1D2AA4E5BD009954DA /* Frameworks */,
				04042C1E2AA4E5BD009954DA /* Resources */,
			);
			buildRules = (
			);
			dependencies = (
			);
			name = rxmind_widgetExtension;
			productName = rxmind_widgetExtension;
			productReference = 04042C202AA4E5BD009954DA /* rxmind_widgetExtension.appex */;
			productType = "com.apple.product-type.app-extension";
		};
		04042C3D2AA50945009954DA /* rxmind-watchios */ = {
			isa = PBXNativeTarget;
			buildConfigurationList = 04042C552AA5094A009954DA /* Build configuration list for PBXNativeTarget "rxmind-watchios" */;
			buildPhases = (
				04042C3C2AA50945009954DA /* Resources */,
				04042C542AA5094A009954DA /* Embed Watch Content */,
			);
			buildRules = (
			);
			dependencies = (
				04042C462AA50948009954DA /* PBXTargetDependency */,
			);
			name = "rxmind-watchios";
			productName = "rxmind-watchios";
			productReference = 04042C3E2AA50945009954DA /* rxmind-watchios.app */;
			productType = "com.apple.product-type.application.watchapp2-container";
		};
		04042C422AA50948009954DA /* rxmind-watchios Watch App */ = {
			isa = PBXNativeTarget;
			buildConfigurationList = 04042C512AA5094A009954DA /* Build configuration list for PBXNativeTarget "rxmind-watchios Watch App" */;
			buildPhases = (
				04042C3F2AA50948009954DA /* Sources */,
				04042C402AA50948009954DA /* Frameworks */,
				04042C412AA50948009954DA /* Resources */,
			);
			buildRules = (
			);
			dependencies = (
			);
			name = "rxmind-watchios Watch App";
			productName = "rxmind-watchios Watch App";
			productReference = 04042C432AA50948009954DA /* rxmind-watchios Watch App.app */;
			productType = "com.apple.product-type.application";
		};
		88ED74E3272FFE6E0088E3EF /* rxmind */ = {
			isa = PBXNativeTarget;
			buildConfigurationList = 88ED74F3272FFE6F0088E3EF /* Build configuration list for PBXNativeTarget "rxmind" */;
			buildPhases = (
				88ED74E0272FFE6E0088E3EF /* Sources */,
				88ED74E1272FFE6E0088E3EF /* Frameworks */,
				88ED74E2272FFE6E0088E3EF /* Resources */,
				04042C392AA4E5BF009954DA /* Embed Foundation Extensions */,
			);
			buildRules = (
			);
			dependencies = (
				04042C342AA4E5BF009954DA /* PBXTargetDependency */,
			);
			name = rxmind;
			productName = Remind;
			productReference = 88ED74E4272FFE6E0088E3EF /* rxmind.app */;
			productType = "com.apple.product-type.application";
		};
/* End PBXNativeTarget section */

/* Begin PBXProject section */
		88ED74DC272FFE6E0088E3EF /* Project object */ = {
			isa = PBXProject;
			attributes = {
				LastSwiftUpdateCheck = 1420;
				LastUpgradeCheck = 1250;
				TargetAttributes = {
					04042C1F2AA4E5BD009954DA = {
						CreatedOnToolsVersion = 14.2;
					};
					04042C3D2AA50945009954DA = {
						CreatedOnToolsVersion = 14.2;
					};
					04042C422AA50948009954DA = {
						CreatedOnToolsVersion = 14.2;
					};
					88ED74E3272FFE6E0088E3EF = {
						CreatedOnToolsVersion = 12.5;
					};
				};
			};
			buildConfigurationList = 88ED74DF272FFE6E0088E3EF /* Build configuration list for PBXProject "rxmind" */;
			compatibilityVersion = "Xcode 9.3";
			developmentRegion = en;
			hasScannedForEncodings = 0;
			knownRegions = (
				en,
				Base,
			);
			mainGroup = 88ED74DB272FFE6E0088E3EF;
			productRefGroup = 88ED74E5272FFE6E0088E3EF /* Products */;
			projectDirPath = "";
			projectRoot = "";
			targets = (
				88ED74E3272FFE6E0088E3EF /* rxmind */,
				04042C1F2AA4E5BD009954DA /* rxmind_widgetExtension */,
				04042C3D2AA50945009954DA /* rxmind-watchios */,
				04042C422AA50948009954DA /* rxmind-watchios Watch App */,
			);
		};
/* End PBXProject section */

/* Begin PBXResourcesBuildPhase section */
		04042C1E2AA4E5BD009954DA /* Resources */ = {
			isa = PBXResourcesBuildPhase;
			buildActionMask = 2147483647;
			files = (
				04042C2F2AA4E5BF009954DA /* Assets.xcassets in Resources */,
			);
			runOnlyForDeploymentPostprocessing = 0;
		};
		04042C3C2AA50945009954DA /* Resources */ = {
			isa = PBXResourcesBuildPhase;
			buildActionMask = 2147483647;
			files = (
			);
			runOnlyForDeploymentPostprocessing = 0;
		};
		04042C412AA50948009954DA /* Resources */ = {
			isa = PBXResourcesBuildPhase;
			buildActionMask = 2147483647;
			files = (
				04042C502AA5094A009954DA /* Preview Assets.xcassets in Resources */,
				04042C4D2AA5094A009954DA /* Assets.xcassets in Resources */,
			);
			runOnlyForDeploymentPostprocessing = 0;
		};
		88ED74E2272FFE6E0088E3EF /* Resources */ = {
			isa = PBXResourcesBuildPhase;
			buildActionMask = 2147483647;
			files = (
				88ED74EF272FFE6F0088E3EF /* Preview Assets.xcassets in Resources */,
				88ED74EC272FFE6F0088E3EF /* Assets.xcassets in Resources */,
				FDEA460926CE2AF9BAA405E2 /* BarlowLight.ttf in Resources */,
				0B86B995D29C316CC8631C2C /* AveriaSerifLibreRegular.ttf in Resources */,
				D3B5BD8A57DADE32AFD3A2C2 /* BarlowThin.ttf in Resources */,
				FBB92C3BCE8028FC64ADD589 /* AveriaSerifLibreBold.ttf in Resources */,
				2D536BF0ECAA2F4F006AB935 /* BarlowRegular.ttf in Resources */,
			);
			runOnlyForDeploymentPostprocessing = 0;
		};
/* End PBXResourcesBuildPhase section */

/* Begin PBXSourcesBuildPhase section */
		04042C1C2AA4E5BD009954DA /* Sources */ = {
			isa = PBXSourcesBuildPhase;
			buildActionMask = 2147483647;
			files = (
				04042C312AA4E5BF009954DA /* rxmind_widget.intentdefinition in Sources */,
				04042C2A2AA4E5BE009954DA /* rxmind_widgetLiveActivity.swift in Sources */,
				04042C2C2AA4E5BE009954DA /* rxmind_widget.swift in Sources */,
				04042C282AA4E5BE009954DA /* rxmind_widgetBundle.swift in Sources */,
			);
			runOnlyForDeploymentPostprocessing = 0;
		};
		04042C3F2AA50948009954DA /* Sources */ = {
			isa = PBXSourcesBuildPhase;
			buildActionMask = 2147483647;
			files = (
				04042C4B2AA50948009954DA /* ContentView.swift in Sources */,
				04042C492AA50948009954DA /* rxmind_watchiosApp.swift in Sources */,
			);
			runOnlyForDeploymentPostprocessing = 0;
		};
		88ED74E0272FFE6E0088E3EF /* Sources */ = {
			isa = PBXSourcesBuildPhase;
			buildActionMask = 2147483647;
			files = (
				888CB47527686A000041116C /* APIExtensions.swift in Sources */,
				8853052A27718E2D00B04E6F /* EncodableExtension.swift in Sources */,
				04F6DEA42A8049F200AAA958 /* ContentView.swift in Sources */,
				04042C102AA39A3D009954DA /* TimePickerView.swift in Sources */,
				8853052C2771949600B04E6F /* UINavigationController.swift in Sources */,
				04042C192AA4C956009954DA /* AuthController.swift in Sources */,
				7F44DBA127422A5D00171570 /* ActivityLoader.swift in Sources */,
				04F6DEAC2A842A8A00AAA958 /* HealthViewScreen.swift in Sources */,
				8853052627718DC500B04E6F /* ViewExtension.swift in Sources */,
				88ED7500272FFECA0088E3EF /* Utilities.swift in Sources */,
				04042C162AA4BDBD009954DA /* Profile.swift in Sources */,
				88ED7504272FFECA0088E3EF /* RemindApp.swift in Sources */,
				C40AB9F82754D79E006BC5D7 /* AppDelegate.swift in Sources */,
				88680D1C2775C601002E964F /* ViewportHelper.swift in Sources */,
				04F6DEAA2A842A7D00AAA958 /* HealthKitManager.swift in Sources */,
				88ED7501272FFECA0088E3EF /* AppConstants.swift in Sources */,
				884F3E5127B0E65A00963FC4 /* RoundedCornersView.swift in Sources */,
				04F6DE9D2A80474100AAA958 /* OnboardingScreensView.swift in Sources */,
				04F6DEA22A80482200AAA958 /* OnboardModel.swift in Sources */,
				43D9E33F1ED373EF7BA0ABCC /* StringScheme.swift in Sources */,
				04042C1B2AA4C9F7009954DA /* AuthView.swift in Sources */,
				E437F8C8D61AA6BAF4F62C4F /* ColorConstants.swift in Sources */,
				F6EC352EE584B94B9CD70907 /* FontScheme.swift in Sources */,
				16CDAD474994870FC8FE3E46 /* SplashView.swift in Sources */,
				04042C142AA3D8B4009954DA /* HeartDetailsScreen.swift in Sources */,
				576DBA1F3B4E161641314940 /* OnboardOneView.swift in Sources */,
				B780C2CC62E127FD20C8ED07 /* OnboardTwoView.swift in Sources */,
				3471D1AC97954CBED1F851BC /* OnboardThreeView.swift in Sources */,
				E41AA2DF71DBF6A1DBCB6226 /* LoginView.swift in Sources */,
				04F6DEAE2A8439F400AAA958 /* Activity.swift in Sources */,
				16A9C035A858B568623306C6 /* SignUpView.swift in Sources */,
				04042C122AA3CD99009954DA /* StepsDetailsScreen.swift in Sources */,
				04042C322AA4E5BF009954DA /* rxmind_widget.intentdefinition in Sources */,
				44C2F9DE96476B00269FF1F1 /* DashView.swift in Sources */,
			);
			runOnlyForDeploymentPostprocessing = 0;
		};
/* End PBXSourcesBuildPhase section */

/* Begin PBXTargetDependency section */
		04042C342AA4E5BF009954DA /* PBXTargetDependency */ = {
			isa = PBXTargetDependency;
			target = 04042C1F2AA4E5BD009954DA /* rxmind_widgetExtension */;
			targetProxy = 04042C332AA4E5BF009954DA /* PBXContainerItemProxy */;
		};
		04042C462AA50948009954DA /* PBXTargetDependency */ = {
			isa = PBXTargetDependency;
			target = 04042C422AA50948009954DA /* rxmind-watchios Watch App */;
			targetProxy = 04042C452AA50948009954DA /* PBXContainerItemProxy */;
		};
/* End PBXTargetDependency section */

/* Begin XCBuildConfiguration section */
		04042C372AA4E5BF009954DA /* Debug */ = {
			isa = XCBuildConfiguration;
			buildSettings = {
				ASSETCATALOG_COMPILER_GLOBAL_ACCENT_COLOR_NAME = AccentColor;
				ASSETCATALOG_COMPILER_WIDGET_BACKGROUND_COLOR_NAME = WidgetBackground;
				CLANG_CXX_LANGUAGE_STANDARD = "gnu++20";
				CODE_SIGN_STYLE = Automatic;
				CURRENT_PROJECT_VERSION = 1;
				DEVELOPMENT_TEAM = "";
				GENERATE_INFOPLIST_FILE = YES;
				INFOPLIST_FILE = rxmind_widget/Info.plist;
				INFOPLIST_KEY_CFBundleDisplayName = rxmind_widget;
				INFOPLIST_KEY_NSHumanReadableCopyright = "";
				IPHONEOS_DEPLOYMENT_TARGET = 16.2;
				LD_RUNPATH_SEARCH_PATHS = (
					"$(inherited)",
					"@executable_path/Frameworks",
					"@executable_path/../../Frameworks",
				);
				MARKETING_VERSION = 1.0;
				PRODUCT_BUNDLE_IDENTIFIER = "com.rxmind.app.rxmind-widget";
				PRODUCT_NAME = "$(TARGET_NAME)";
				SKIP_INSTALL = YES;
				SWIFT_EMIT_LOC_STRINGS = YES;
				SWIFT_VERSION = 5.0;
				TARGETED_DEVICE_FAMILY = "1,2";
			};
			name = Debug;
		};
		04042C382AA4E5BF009954DA /* Release */ = {
			isa = XCBuildConfiguration;
			buildSettings = {
				ASSETCATALOG_COMPILER_GLOBAL_ACCENT_COLOR_NAME = AccentColor;
				ASSETCATALOG_COMPILER_WIDGET_BACKGROUND_COLOR_NAME = WidgetBackground;
				CLANG_CXX_LANGUAGE_STANDARD = "gnu++20";
				CODE_SIGN_STYLE = Automatic;
				CURRENT_PROJECT_VERSION = 1;
				DEVELOPMENT_TEAM = "";
				GENERATE_INFOPLIST_FILE = YES;
				INFOPLIST_FILE = rxmind_widget/Info.plist;
				INFOPLIST_KEY_CFBundleDisplayName = rxmind_widget;
				INFOPLIST_KEY_NSHumanReadableCopyright = "";
				IPHONEOS_DEPLOYMENT_TARGET = 16.2;
				LD_RUNPATH_SEARCH_PATHS = (
					"$(inherited)",
					"@executable_path/Frameworks",
					"@executable_path/../../Frameworks",
				);
				MARKETING_VERSION = 1.0;
				PRODUCT_BUNDLE_IDENTIFIER = "com.rxmind.app.rxmind-widget";
				PRODUCT_NAME = "$(TARGET_NAME)";
				SKIP_INSTALL = YES;
				SWIFT_EMIT_LOC_STRINGS = YES;
				SWIFT_VERSION = 5.0;
				TARGETED_DEVICE_FAMILY = "1,2";
			};
			name = Release;
		};
		04042C522AA5094A009954DA /* Debug */ = {
			isa = XCBuildConfiguration;
			buildSettings = {
				ASSETCATALOG_COMPILER_APPICON_NAME = AppIcon;
				ASSETCATALOG_COMPILER_GLOBAL_ACCENT_COLOR_NAME = AccentColor;
				CLANG_CXX_LANGUAGE_STANDARD = "gnu++20";
				CODE_SIGN_STYLE = Automatic;
				CURRENT_PROJECT_VERSION = 1;
				DEVELOPMENT_ASSET_PATHS = "\"rxmind-watchios Watch App/Preview Content\"";
				DEVELOPMENT_TEAM = A84C98MU3G;
				ENABLE_PREVIEWS = YES;
				GENERATE_INFOPLIST_FILE = YES;
				INFOPLIST_KEY_CFBundleDisplayName = "rxmind-watchios";
				INFOPLIST_KEY_UISupportedInterfaceOrientations = "UIInterfaceOrientationPortrait UIInterfaceOrientationPortraitUpsideDown";
				INFOPLIST_KEY_WKWatchOnly = YES;
				LD_RUNPATH_SEARCH_PATHS = (
					"$(inherited)",
					"@executable_path/Frameworks",
				);
				MARKETING_VERSION = 1.0;
				PRODUCT_BUNDLE_IDENTIFIER = "Shanre.rxmind-watchios.watchkitapp";
				PRODUCT_NAME = "$(TARGET_NAME)";
				SDKROOT = watchos;
				SKIP_INSTALL = YES;
				SWIFT_EMIT_LOC_STRINGS = YES;
				SWIFT_VERSION = 5.0;
				TARGETED_DEVICE_FAMILY = 4;
				WATCHOS_DEPLOYMENT_TARGET = 9.1;
			};
			name = Debug;
		};
		04042C532AA5094A009954DA /* Release */ = {
			isa = XCBuildConfiguration;
			buildSettings = {
				ASSETCATALOG_COMPILER_APPICON_NAME = AppIcon;
				ASSETCATALOG_COMPILER_GLOBAL_ACCENT_COLOR_NAME = AccentColor;
				CLANG_CXX_LANGUAGE_STANDARD = "gnu++20";
				CODE_SIGN_STYLE = Automatic;
				CURRENT_PROJECT_VERSION = 1;
				DEVELOPMENT_ASSET_PATHS = "\"rxmind-watchios Watch App/Preview Content\"";
				DEVELOPMENT_TEAM = A84C98MU3G;
				ENABLE_PREVIEWS = YES;
				GENERATE_INFOPLIST_FILE = YES;
				INFOPLIST_KEY_CFBundleDisplayName = "rxmind-watchios";
				INFOPLIST_KEY_UISupportedInterfaceOrientations = "UIInterfaceOrientationPortrait UIInterfaceOrientationPortraitUpsideDown";
				INFOPLIST_KEY_WKWatchOnly = YES;
				LD_RUNPATH_SEARCH_PATHS = (
					"$(inherited)",
					"@executable_path/Frameworks",
				);
				MARKETING_VERSION = 1.0;
				PRODUCT_BUNDLE_IDENTIFIER = "Shanre.rxmind-watchios.watchkitapp";
				PRODUCT_NAME = "$(TARGET_NAME)";
				SDKROOT = watchos;
				SKIP_INSTALL = YES;
				SWIFT_EMIT_LOC_STRINGS = YES;
				SWIFT_VERSION = 5.0;
				TARGETED_DEVICE_FAMILY = 4;
				WATCHOS_DEPLOYMENT_TARGET = 9.1;
			};
			name = Release;
		};
		04042C562AA5094A009954DA /* Debug */ = {
			isa = XCBuildConfiguration;
			buildSettings = {
				ALWAYS_EMBED_SWIFT_STANDARD_LIBRARIES = YES;
				CLANG_CXX_LANGUAGE_STANDARD = "gnu++20";
				CODE_SIGN_STYLE = Automatic;
				CURRENT_PROJECT_VERSION = 1;
				DEVELOPMENT_TEAM = A84C98MU3G;
				INFOPLIST_KEY_CFBundleDisplayName = "rxmind-watchios";
				MARKETING_VERSION = 1.0;
				PRODUCT_BUNDLE_IDENTIFIER = "Shanre.rxmind-watchios";
				PRODUCT_NAME = "$(TARGET_NAME)";
				SWIFT_VERSION = 5.0;
			};
			name = Debug;
		};
		04042C572AA5094A009954DA /* Release */ = {
			isa = XCBuildConfiguration;
			buildSettings = {
				ALWAYS_EMBED_SWIFT_STANDARD_LIBRARIES = YES;
				CLANG_CXX_LANGUAGE_STANDARD = "gnu++20";
				CODE_SIGN_STYLE = Automatic;
				CURRENT_PROJECT_VERSION = 1;
				DEVELOPMENT_TEAM = A84C98MU3G;
				INFOPLIST_KEY_CFBundleDisplayName = "rxmind-watchios";
				MARKETING_VERSION = 1.0;
				PRODUCT_BUNDLE_IDENTIFIER = "Shanre.rxmind-watchios";
				PRODUCT_NAME = "$(TARGET_NAME)";
				SWIFT_VERSION = 5.0;
			};
			name = Release;
		};
		88ED74F1272FFE6F0088E3EF /* Debug */ = {
			isa = XCBuildConfiguration;
			buildSettings = {
				ALWAYS_SEARCH_USER_PATHS = NO;
				CLANG_ANALYZER_NONNULL = YES;
				CLANG_ANALYZER_NUMBER_OBJECT_CONVERSION = YES_AGGRESSIVE;
				CLANG_CXX_LANGUAGE_STANDARD = "gnu++14";
				CLANG_CXX_LIBRARY = "libc++";
				CLANG_ENABLE_MODULES = YES;
				CLANG_ENABLE_OBJC_ARC = YES;
				CLANG_ENABLE_OBJC_WEAK = YES;
				CLANG_WARN_BLOCK_CAPTURE_AUTORELEASING = YES;
				CLANG_WARN_BOOL_CONVERSION = YES;
				CLANG_WARN_COMMA = YES;
				CLANG_WARN_CONSTANT_CONVERSION = YES;
				CLANG_WARN_DEPRECATED_OBJC_IMPLEMENTATIONS = YES;
				CLANG_WARN_DIRECT_OBJC_ISA_USAGE = YES_ERROR;
				CLANG_WARN_DOCUMENTATION_COMMENTS = YES;
				CLANG_WARN_EMPTY_BODY = YES;
				CLANG_WARN_ENUM_CONVERSION = YES;
				CLANG_WARN_INFINITE_RECURSION = YES;
				CLANG_WARN_INT_CONVERSION = YES;
				CLANG_WARN_NON_LITERAL_NULL_CONVERSION = YES;
				CLANG_WARN_OBJC_IMPLICIT_RETAIN_SELF = YES;
				CLANG_WARN_OBJC_LITERAL_CONVERSION = YES;
				CLANG_WARN_OBJC_ROOT_CLASS = YES_ERROR;
				CLANG_WARN_QUOTED_INCLUDE_IN_FRAMEWORK_HEADER = YES;
				CLANG_WARN_RANGE_LOOP_ANALYSIS = YES;
				CLANG_WARN_STRICT_PROTOTYPES = YES;
				CLANG_WARN_SUSPICIOUS_MOVE = YES;
				CLANG_WARN_UNGUARDED_AVAILABILITY = YES_AGGRESSIVE;
				CLANG_WARN_UNREACHABLE_CODE = YES;
				CLANG_WARN__DUPLICATE_METHOD_MATCH = YES;
				COPY_PHASE_STRIP = NO;
				DEBUG_INFORMATION_FORMAT = dwarf;
				ENABLE_STRICT_OBJC_MSGSEND = YES;
				ENABLE_TESTABILITY = YES;
				GCC_C_LANGUAGE_STANDARD = gnu11;
				GCC_DYNAMIC_NO_PIC = NO;
				GCC_NO_COMMON_BLOCKS = YES;
				GCC_OPTIMIZATION_LEVEL = 0;
				GCC_PREPROCESSOR_DEFINITIONS = (
					"DEBUG=1",
					"$(inherited)",
				);
				GCC_WARN_64_TO_32_BIT_CONVERSION = YES;
				GCC_WARN_ABOUT_RETURN_TYPE = YES_ERROR;
				GCC_WARN_UNDECLARED_SELECTOR = YES;
				GCC_WARN_UNINITIALIZED_AUTOS = YES_AGGRESSIVE;
				GCC_WARN_UNUSED_FUNCTION = YES;
				GCC_WARN_UNUSED_VARIABLE = YES;
				IPHONEOS_DEPLOYMENT_TARGET = 14.5;
				MTL_ENABLE_DEBUG_INFO = INCLUDE_SOURCE;
				MTL_FAST_MATH = YES;
				ONLY_ACTIVE_ARCH = YES;
				SDKROOT = iphoneos;
				SWIFT_ACTIVE_COMPILATION_CONDITIONS = DEBUG;
				SWIFT_OPTIMIZATION_LEVEL = "-Onone";
			};
			name = Debug;
		};
		88ED74F2272FFE6F0088E3EF /* Release */ = {
			isa = XCBuildConfiguration;
			buildSettings = {
				ALWAYS_SEARCH_USER_PATHS = NO;
				CLANG_ANALYZER_NONNULL = YES;
				CLANG_ANALYZER_NUMBER_OBJECT_CONVERSION = YES_AGGRESSIVE;
				CLANG_CXX_LANGUAGE_STANDARD = "gnu++14";
				CLANG_CXX_LIBRARY = "libc++";
				CLANG_ENABLE_MODULES = YES;
				CLANG_ENABLE_OBJC_ARC = YES;
				CLANG_ENABLE_OBJC_WEAK = YES;
				CLANG_WARN_BLOCK_CAPTURE_AUTORELEASING = YES;
				CLANG_WARN_BOOL_CONVERSION = YES;
				CLANG_WARN_COMMA = YES;
				CLANG_WARN_CONSTANT_CONVERSION = YES;
				CLANG_WARN_DEPRECATED_OBJC_IMPLEMENTATIONS = YES;
				CLANG_WARN_DIRECT_OBJC_ISA_USAGE = YES_ERROR;
				CLANG_WARN_DOCUMENTATION_COMMENTS = YES;
				CLANG_WARN_EMPTY_BODY = YES;
				CLANG_WARN_ENUM_CONVERSION = YES;
				CLANG_WARN_INFINITE_RECURSION = YES;
				CLANG_WARN_INT_CONVERSION = YES;
				CLANG_WARN_NON_LITERAL_NULL_CONVERSION = YES;
				CLANG_WARN_OBJC_IMPLICIT_RETAIN_SELF = YES;
				CLANG_WARN_OBJC_LITERAL_CONVERSION = YES;
				CLANG_WARN_OBJC_ROOT_CLASS = YES_ERROR;
				CLANG_WARN_QUOTED_INCLUDE_IN_FRAMEWORK_HEADER = YES;
				CLANG_WARN_RANGE_LOOP_ANALYSIS = YES;
				CLANG_WARN_STRICT_PROTOTYPES = YES;
				CLANG_WARN_SUSPICIOUS_MOVE = YES;
				CLANG_WARN_UNGUARDED_AVAILABILITY = YES_AGGRESSIVE;
				CLANG_WARN_UNREACHABLE_CODE = YES;
				CLANG_WARN__DUPLICATE_METHOD_MATCH = YES;
				COPY_PHASE_STRIP = NO;
				DEBUG_INFORMATION_FORMAT = "dwarf-with-dsym";
				ENABLE_NS_ASSERTIONS = NO;
				ENABLE_STRICT_OBJC_MSGSEND = YES;
				GCC_C_LANGUAGE_STANDARD = gnu11;
				GCC_NO_COMMON_BLOCKS = YES;
				GCC_WARN_64_TO_32_BIT_CONVERSION = YES;
				GCC_WARN_ABOUT_RETURN_TYPE = YES_ERROR;
				GCC_WARN_UNDECLARED_SELECTOR = YES;
				GCC_WARN_UNINITIALIZED_AUTOS = YES_AGGRESSIVE;
				GCC_WARN_UNUSED_FUNCTION = YES;
				GCC_WARN_UNUSED_VARIABLE = YES;
				IPHONEOS_DEPLOYMENT_TARGET = 14.5;
				MTL_ENABLE_DEBUG_INFO = NO;
				MTL_FAST_MATH = YES;
				SDKROOT = iphoneos;
				SWIFT_COMPILATION_MODE = wholemodule;
				SWIFT_OPTIMIZATION_LEVEL = "-O";
				VALIDATE_PRODUCT = YES;
			};
			name = Release;
		};
		88ED74F4272FFE6F0088E3EF /* Debug */ = {
			isa = XCBuildConfiguration;
			buildSettings = {
				ALWAYS_EMBED_SWIFT_STANDARD_LIBRARIES = YES;
				ASSETCATALOG_COMPILER_APPICON_NAME = AppIcon;
				ASSETCATALOG_COMPILER_GLOBAL_ACCENT_COLOR_NAME = AccentColor;
				CODE_SIGN_ENTITLEMENTS = rxmind/rxmind.entitlements;
				CODE_SIGN_STYLE = Automatic;
				DEVELOPMENT_ASSET_PATHS = "\"rxmind/Preview Content\"";
				DEVELOPMENT_TEAM = "";
				ENABLE_PREVIEWS = YES;
				INFOPLIST_FILE = rxmind/Info.plist;
				INFOPLIST_KEY_CFBundleDisplayName = rxmind;
				IPHONEOS_DEPLOYMENT_TARGET = 15.0;
				LD_RUNPATH_SEARCH_PATHS = (
					"$(inherited)",
					"@executable_path/Frameworks",
				);
				PRODUCT_BUNDLE_IDENTIFIER = com.rxmind.app;
				PRODUCT_NAME = "$(TARGET_NAME)";
				SWIFT_VERSION = 5.0;
				TARGETED_DEVICE_FAMILY = "1,2";
			};
			name = Debug;
		};
		88ED74F5272FFE6F0088E3EF /* Release */ = {
			isa = XCBuildConfiguration;
			buildSettings = {
				ALWAYS_EMBED_SWIFT_STANDARD_LIBRARIES = YES;
				ASSETCATALOG_COMPILER_APPICON_NAME = AppIcon;
				ASSETCATALOG_COMPILER_GLOBAL_ACCENT_COLOR_NAME = AccentColor;
				CODE_SIGN_ENTITLEMENTS = rxmind/rxmind.entitlements;
				CODE_SIGN_STYLE = Automatic;
				DEVELOPMENT_ASSET_PATHS = "\"rxmind/Preview Content\"";
				DEVELOPMENT_TEAM = "";
				ENABLE_PREVIEWS = YES;
				INFOPLIST_FILE = rxmind/Info.plist;
				INFOPLIST_KEY_CFBundleDisplayName = rxmind;
				IPHONEOS_DEPLOYMENT_TARGET = 15.0;
				LD_RUNPATH_SEARCH_PATHS = (
					"$(inherited)",
					"@executable_path/Frameworks",
				);
				PRODUCT_BUNDLE_IDENTIFIER = com.rxmind.app;
				PRODUCT_NAME = "$(TARGET_NAME)";
				SWIFT_VERSION = 5.0;
				TARGETED_DEVICE_FAMILY = "1,2";
			};
			name = Release;
		};
/* End XCBuildConfiguration section */

/* Begin XCConfigurationList section */
		04042C362AA4E5BF009954DA /* Build configuration list for PBXNativeTarget "rxmind_widgetExtension" */ = {
			isa = XCConfigurationList;
			buildConfigurations = (
				04042C372AA4E5BF009954DA /* Debug */,
				04042C382AA4E5BF009954DA /* Release */,
			);
			defaultConfigurationIsVisible = 0;
			defaultConfigurationName = Release;
		};
		04042C512AA5094A009954DA /* Build configuration list for PBXNativeTarget "rxmind-watchios Watch App" */ = {
			isa = XCConfigurationList;
			buildConfigurations = (
				04042C522AA5094A009954DA /* Debug */,
				04042C532AA5094A009954DA /* Release */,
			);
			defaultConfigurationIsVisible = 0;
			defaultConfigurationName = Release;
		};
		04042C552AA5094A009954DA /* Build configuration list for PBXNativeTarget "rxmind-watchios" */ = {
			isa = XCConfigurationList;
			buildConfigurations = (
				04042C562AA5094A009954DA /* Debug */,
				04042C572AA5094A009954DA /* Release */,
			);
			defaultConfigurationIsVisible = 0;
			defaultConfigurationName = Release;
		};
		88ED74DF272FFE6E0088E3EF /* Build configuration list for PBXProject "rxmind" */ = {
			isa = XCConfigurationList;
			buildConfigurations = (
				88ED74F1272FFE6F0088E3EF /* Debug */,
				88ED74F2272FFE6F0088E3EF /* Release */,
			);
			defaultConfigurationIsVisible = 0;
			defaultConfigurationName = Release;
		};
		88ED74F3272FFE6F0088E3EF /* Build configuration list for PBXNativeTarget "rxmind" */ = {
			isa = XCConfigurationList;
			buildConfigurations = (
				88ED74F4272FFE6F0088E3EF /* Debug */,
				88ED74F5272FFE6F0088E3EF /* Release */,
			);
			defaultConfigurationIsVisible = 0;
			defaultConfigurationName = Release;
		};
/* End XCConfigurationList section */
	};
	rootObject = 88ED74DC272FFE6E0088E3EF /* Project object */;
}
